
Microsoft Visual Studio Solution File, Format Version 11.00
# Visual Studio 2010
Project("{8BC9CEB8-8B4A-11D0-8D11-00A0C91BC942}") = "test_model01", "test_model01\test_model01.vcxproj", "{7CAF5295-03A4-480B-8F9B-A80E13F7504D}"
EndProject
Global
	GlobalSection(SolutionConfigurationPlatforms) = preSolution
		Debug|Win32 = Debug|Win32
		Release|Win32 = Release|Win32
	EndGlobalSection
	GlobalSection(ProjectConfigurationPlatforms) = postSolution
		{7CAF5295-03A4-480B-8F9B-A80E13F7504D}.Debug|Win32.ActiveCfg = Release|Win32
		{7CAF5295-03A4-480B-8F9B-A80E13F7504D}.Debug|Win32.Build.0 = Release|Win32
		{7CAF5295-03A4-480B-8F9B-A80E13F7504D}.Release|Win32.ActiveCfg = Release|Win32
		{7CAF5295-03A4-480B-8F9B-A80E13F7504D}.Release|Win32.Build.0 = Release|Win32
	EndGlobalSection
	GlobalSection(SolutionProperties) = preSolution
		HideSolutionNode = FALSE
	EndGlobalSection
EndGlobal
